// !$*UTF8*$!
{
	archiveVersion = 1;
	classes = {
	};
	objectVersion = 56;
	objects = {

/* Begin PBXBuildFile section */
		AE499C9A2B920DAC00A725B3 /* AppDelegate.swift in Sources */ = {isa = PBXBuildFile; fileRef = AE499C992B920DAC00A725B3 /* AppDelegate.swift */; };
		AE499C9C2B920DAC00A725B3 /* SceneDelegate.swift in Sources */ = {isa = PBXBuildFile; fileRef = AE499C9B2B920DAC00A725B3 /* SceneDelegate.swift */; };
		AE499C9E2B920DAC00A725B3 /* ViewController.swift in Sources */ = {isa = PBXBuildFile; fileRef = AE499C9D2B920DAC00A725B3 /* ViewController.swift */; };
		AE499CA32B920DAD00A725B3 /* Assets.xcassets in Resources */ = {isa = PBXBuildFile; fileRef = AE499CA22B920DAD00A725B3 /* Assets.xcassets */; };
		AE499CA62B920DAD00A725B3 /* LaunchScreen.storyboard in Resources */ = {isa = PBXBuildFile; fileRef = AE499CA42B920DAD00A725B3 /* LaunchScreen.storyboard */; };
		AE771EFF2B92328E007C02C4 /* SnapKit in Frameworks */ = {isa = PBXBuildFile; productRef = AE771EFE2B92328E007C02C4 /* SnapKit */; };
		AE771F012B92328E007C02C4 /* SnapKit-Dynamic in Frameworks */ = {isa = PBXBuildFile; productRef = AE771F002B92328E007C02C4 /* SnapKit-Dynamic */; };
		AE771F042B932189007C02C4 /* HeroView.swift in Sources */ = {isa = PBXBuildFile; fileRef = AE771F032B932189007C02C4 /* HeroView.swift */; };
		AE771F062B9321EF007C02C4 /* HeroModel.swift in Sources */ = {isa = PBXBuildFile; fileRef = AE771F052B9321EF007C02C4 /* HeroModel.swift */; };
		AE7BE86A2B960E92008B7AA3 /* CollectionViewPagingLayout in Frameworks */ = {isa = PBXBuildFile; productRef = AE7BE8692B960E92008B7AA3 /* CollectionViewPagingLayout */; };
		AE7BE86C2B9621F9008B7AA3 /* TriangleView.swift in Sources */ = {isa = PBXBuildFile; fileRef = AE7BE86B2B9621F9008B7AA3 /* TriangleView.swift */; };
		AE7BE86F2B976C7B008B7AA3 /* ViewControllerExtension.swift in Sources */ = {isa = PBXBuildFile; fileRef = AE7BE86E2B976C7B008B7AA3 /* ViewControllerExtension.swift */; };
		AE7BE8722B976FA6008B7AA3 /* Color.swift in Sources */ = {isa = PBXBuildFile; fileRef = AE7BE8712B976FA6008B7AA3 /* Color.swift */; };
		AE7BE8742B977039008B7AA3 /* ColorExtension.swift in Sources */ = {isa = PBXBuildFile; fileRef = AE7BE8732B977039008B7AA3 /* ColorExtension.swift */; };
		AE7BE8762B97727B008B7AA3 /* Sizes.swift in Sources */ = {isa = PBXBuildFile; fileRef = AE7BE8752B97727B008B7AA3 /* Sizes.swift */; };
		AE7BE8782B9775F0008B7AA3 /* Fonts.swift in Sources */ = {isa = PBXBuildFile; fileRef = AE7BE8772B9775F0008B7AA3 /* Fonts.swift */; };
/* End PBXBuildFile section */

/* Begin PBXFileReference section */
		AE499C962B920DAC00A725B3 /* LAB.app */ = {isa = PBXFileReference; explicitFileType = wrapper.application; includeInIndex = 0; path = LAB.app; sourceTree = BUILT_PRODUCTS_DIR; };
		AE499C992B920DAC00A725B3 /* AppDelegate.swift */ = {isa = PBXFileReference; lastKnownFileType = sourcecode.swift; path = AppDelegate.swift; sourceTree = "<group>"; };
		AE499C9B2B920DAC00A725B3 /* SceneDelegate.swift */ = {isa = PBXFileReference; lastKnownFileType = sourcecode.swift; path = SceneDelegate.swift; sourceTree = "<group>"; };
		AE499C9D2B920DAC00A725B3 /* ViewController.swift */ = {isa = PBXFileReference; lastKnownFileType = sourcecode.swift; path = ViewController.swift; sourceTree = "<group>"; };
		AE499CA22B920DAD00A725B3 /* Assets.xcassets */ = {isa = PBXFileReference; lastKnownFileType = folder.assetcatalog; path = Assets.xcassets; sourceTree = "<group>"; };
		AE499CA52B920DAD00A725B3 /* Base */ = {isa = PBXFileReference; lastKnownFileType = file.storyboard; name = Base; path = Base.lproj/LaunchScreen.storyboard; sourceTree = "<group>"; };
		AE499CA72B920DAD00A725B3 /* Info.plist */ = {isa = PBXFileReference; lastKnownFileType = text.plist.xml; path = Info.plist; sourceTree = "<group>"; };
		AE771F032B932189007C02C4 /* HeroView.swift */ = {isa = PBXFileReference; lastKnownFileType = sourcecode.swift; path = HeroView.swift; sourceTree = "<group>"; };
		AE771F052B9321EF007C02C4 /* HeroModel.swift */ = {isa = PBXFileReference; lastKnownFileType = sourcecode.swift; path = HeroModel.swift; sourceTree = "<group>"; };
		AE7BE86B2B9621F9008B7AA3 /* TriangleView.swift */ = {isa = PBXFileReference; lastKnownFileType = sourcecode.swift; path = TriangleView.swift; sourceTree = "<group>"; };
		AE7BE86E2B976C7B008B7AA3 /* ViewControllerExtension.swift */ = {isa = PBXFileReference; lastKnownFileType = sourcecode.swift; path = ViewControllerExtension.swift; sourceTree = "<group>"; };
		AE7BE8712B976FA6008B7AA3 /* Color.swift */ = {isa = PBXFileReference; lastKnownFileType = sourcecode.swift; path = Color.swift; sourceTree = "<group>"; };
		AE7BE8732B977039008B7AA3 /* ColorExtension.swift */ = {isa = PBXFileReference; lastKnownFileType = sourcecode.swift; path = ColorExtension.swift; sourceTree = "<group>"; };
		AE7BE8752B97727B008B7AA3 /* Sizes.swift */ = {isa = PBXFileReference; lastKnownFileType = sourcecode.swift; path = Sizes.swift; sourceTree = "<group>"; };
		AE7BE8772B9775F0008B7AA3 /* Fonts.swift */ = {isa = PBXFileReference; lastKnownFileType = sourcecode.swift; path = Fonts.swift; sourceTree = "<group>"; };
/* End PBXFileReference section */

/* Begin PBXFrameworksBuildPhase section */
		AE499C932B920DAC00A725B3 /* Frameworks */ = {
			isa = PBXFrameworksBuildPhase;
			buildActionMask = 2147483647;
			files = (
				AE771EFF2B92328E007C02C4 /* SnapKit in Frameworks */,
				AE771F012B92328E007C02C4 /* SnapKit-Dynamic in Frameworks */,
				AE7BE86A2B960E92008B7AA3 /* CollectionViewPagingLayout in Frameworks */,
			);
			runOnlyForDeploymentPostprocessing = 0;
		};
/* End PBXFrameworksBuildPhase section */

/* Begin PBXGroup section */
		AE499C8D2B920DAC00A725B3 = {
			isa = PBXGroup;
			children = (
				AE499C982B920DAC00A725B3 /* LAB */,
				AE499C972B920DAC00A725B3 /* Products */,
			);
			sourceTree = "<group>";
		};
		AE499C972B920DAC00A725B3 /* Products */ = {
			isa = PBXGroup;
			children = (
				AE499C962B920DAC00A725B3 /* LAB.app */,
			);
			name = Products;
			sourceTree = "<group>";
		};
		AE499C982B920DAC00A725B3 /* LAB */ = {
			isa = PBXGroup;
			children = (
				AE7BE8702B976F32008B7AA3 /* Constants */,
				AE7BE86D2B976C47008B7AA3 /* Extensions */,
				AE771F022B931F00007C02C4 /* Model */,
				AE771EFA2B922A2D007C02C4 /* Controller */,
				AE771EF92B922A14007C02C4 /* View */,
				AE499C992B920DAC00A725B3 /* AppDelegate.swift */,
				AE499C9B2B920DAC00A725B3 /* SceneDelegate.swift */,
				AE499CA22B920DAD00A725B3 /* Assets.xcassets */,
				AE499CA42B920DAD00A725B3 /* LaunchScreen.storyboard */,
				AE499CA72B920DAD00A725B3 /* Info.plist */,
			);
			path = LAB;
			sourceTree = "<group>";
		};
		AE771EF92B922A14007C02C4 /* View */ = {
			isa = PBXGroup;
			children = (
				AE771F032B932189007C02C4 /* HeroView.swift */,
				AE7BE86B2B9621F9008B7AA3 /* TriangleView.swift */,
			);
			path = View;
			sourceTree = "<group>";
		};
		AE771EFA2B922A2D007C02C4 /* Controller */ = {
			isa = PBXGroup;
			children = (
				AE499C9D2B920DAC00A725B3 /* ViewController.swift */,
			);
			path = Controller;
			sourceTree = "<group>";
		};
		AE771F022B931F00007C02C4 /* Model */ = {
			isa = PBXGroup;
			children = (
				AE771F052B9321EF007C02C4 /* HeroModel.swift */,
			);
			path = Model;
			sourceTree = "<group>";
		};
		AE7BE86D2B976C47008B7AA3 /* Extensions */ = {
			isa = PBXGroup;
			children = (
				AE7BE86E2B976C7B008B7AA3 /* ViewControllerExtension.swift */,
				AE7BE8732B977039008B7AA3 /* ColorExtension.swift */,
			);
			path = Extensions;
			sourceTree = "<group>";
		};
		AE7BE8702B976F32008B7AA3 /* Constants */ = {
			isa = PBXGroup;
			children = (
				AE7BE8712B976FA6008B7AA3 /* Color.swift */,
				AE7BE8752B97727B008B7AA3 /* Sizes.swift */,
				AE7BE8772B9775F0008B7AA3 /* Fonts.swift */,
			);
			path = Constants;
			sourceTree = "<group>";
		};
/* End PBXGroup section */

/* Begin PBXNativeTarget section */
		AE499C952B920DAC00A725B3 /* LAB */ = {
			isa = PBXNativeTarget;
			buildConfigurationList = AE499CAA2B920DAD00A725B3 /* Build configuration list for PBXNativeTarget "LAB" */;
			buildPhases = (
				AE499C922B920DAC00A725B3 /* Sources */,
				AE499C932B920DAC00A725B3 /* Frameworks */,
				AE499C942B920DAC00A725B3 /* Resources */,
			);
			buildRules = (
			);
			dependencies = (
			);
			name = LAB;
			packageProductDependencies = (
				AE771EFE2B92328E007C02C4 /* SnapKit */,
				AE771F002B92328E007C02C4 /* SnapKit-Dynamic */,
				AE7BE8692B960E92008B7AA3 /* CollectionViewPagingLayout */,
			);
			productName = LAB;
			productReference = AE499C962B920DAC00A725B3 /* LAB.app */;
			productType = "com.apple.product-type.application";
		};
/* End PBXNativeTarget section */

/* Begin PBXProject section */
		AE499C8E2B920DAC00A725B3 /* Project object */ = {
			isa = PBXProject;
			attributes = {
				BuildIndependentTargetsInParallel = 1;
				LastSwiftUpdateCheck = 1520;
				LastUpgradeCheck = 1520;
				TargetAttributes = {
					AE499C952B920DAC00A725B3 = {
						CreatedOnToolsVersion = 15.2;
					};
				};
			};
			buildConfigurationList = AE499C912B920DAC00A725B3 /* Build configuration list for PBXProject "LAB" */;
			compatibilityVersion = "Xcode 14.0";
			developmentRegion = en;
			hasScannedForEncodings = 0;
			knownRegions = (
				en,
				Base,
			);
			mainGroup = AE499C8D2B920DAC00A725B3;
			packageReferences = (
				AE771EFD2B92328E007C02C4 /* XCRemoteSwiftPackageReference "SnapKit" */,
				AE7BE8682B960E92008B7AA3 /* XCRemoteSwiftPackageReference "CollectionViewPagingLayout" */,
			);
			productRefGroup = AE499C972B920DAC00A725B3 /* Products */;
			projectDirPath = "";
			projectRoot = "";
			targets = (
				AE499C952B920DAC00A725B3 /* LAB */,
			);
		};
/* End PBXProject section */

/* Begin PBXResourcesBuildPhase section */
		AE499C942B920DAC00A725B3 /* Resources */ = {
			isa = PBXResourcesBuildPhase;
			buildActionMask = 2147483647;
			files = (
				AE499CA62B920DAD00A725B3 /* LaunchScreen.storyboard in Resources */,
				AE499CA32B920DAD00A725B3 /* Assets.xcassets in Resources */,
			);
			runOnlyForDeploymentPostprocessing = 0;
		};
/* End PBXResourcesBuildPhase section */

/* Begin PBXSourcesBuildPhase section */
		AE499C922B920DAC00A725B3 /* Sources */ = {
			isa = PBXSourcesBuildPhase;
			buildActionMask = 2147483647;
			files = (
				AE7BE86C2B9621F9008B7AA3 /* TriangleView.swift in Sources */,
				AE499C9E2B920DAC00A725B3 /* ViewController.swift in Sources */,
				AE499C9A2B920DAC00A725B3 /* AppDelegate.swift in Sources */,
				AE7BE86F2B976C7B008B7AA3 /* ViewControllerExtension.swift in Sources */,
				AE771F042B932189007C02C4 /* HeroView.swift in Sources */,
				AE499C9C2B920DAC00A725B3 /* SceneDelegate.swift in Sources */,
				AE7BE8762B97727B008B7AA3 /* Sizes.swift in Sources */,
				AE771F062B9321EF007C02C4 /* HeroModel.swift in Sources */,
				AE7BE8782B9775F0008B7AA3 /* Fonts.swift in Sources */,
				AE7BE8722B976FA6008B7AA3 /* Color.swift in Sources */,
				AE7BE8742B977039008B7AA3 /* ColorExtension.swift in Sources */,
			);
			runOnlyForDeploymentPostprocessing = 0;
		};
/* End PBXSourcesBuildPhase section */

/* Begin PBXVariantGroup section */
		AE499CA42B920DAD00A725B3 /* LaunchScreen.storyboard */ = {
			isa = PBXVariantGroup;
			children = (
				AE499CA52B920DAD00A725B3 /* Base */,
			);
			name = LaunchScreen.storyboard;
			sourceTree = "<group>";
		};
/* End PBXVariantGroup section */

/* Begin XCBuildConfiguration section */
		AE499CA82B920DAD00A725B3 /* Debug */ = {
			isa = XCBuildConfiguration;
			buildSettings = {
				ALWAYS_SEARCH_USER_PATHS = NO;
				ASSETCATALOG_COMPILER_GENERATE_SWIFT_ASSET_SYMBOL_EXTENSIONS = YES;
				CLANG_ANALYZER_NONNULL = YES;
				CLANG_ANALYZER_NUMBER_OBJECT_CONVERSION = YES_AGGRESSIVE;
				CLANG_CXX_LANGUAGE_STANDARD = "gnu++20";
				CLANG_ENABLE_MODULES = YES;
				CLANG_ENABLE_OBJC_ARC = YES;
				CLANG_ENABLE_OBJC_WEAK = YES;
				CLANG_WARN_BLOCK_CAPTURE_AUTORELEASING = YES;
				CLANG_WARN_BOOL_CONVERSION = YES;
				CLANG_WARN_COMMA = YES;
				CLANG_WARN_CONSTANT_CONVERSION = YES;
				CLANG_WARN_DEPRECATED_OBJC_IMPLEMENTATIONS = YES;
				CLANG_WARN_DIRECT_OBJC_ISA_USAGE = YES_ERROR;
				CLANG_WARN_DOCUMENTATION_COMMENTS = YES;
				CLANG_WARN_EMPTY_BODY = YES;
				CLANG_WARN_ENUM_CONVERSION = YES;
				CLANG_WARN_INFINITE_RECURSION = YES;
				CLANG_WARN_INT_CONVERSION = YES;
				CLANG_WARN_NON_LITERAL_NULL_CONVERSION = YES;
				CLANG_WARN_OBJC_IMPLICIT_RETAIN_SELF = YES;
				CLANG_WARN_OBJC_LITERAL_CONVERSION = YES;
				CLANG_WARN_OBJC_ROOT_CLASS = YES_ERROR;
				CLANG_WARN_QUOTED_INCLUDE_IN_FRAMEWORK_HEADER = YES;
				CLANG_WARN_RANGE_LOOP_ANALYSIS = YES;
				CLANG_WARN_STRICT_PROTOTYPES = YES;
				CLANG_WARN_SUSPICIOUS_MOVE = YES;
				CLANG_WARN_UNGUARDED_AVAILABILITY = YES_AGGRESSIVE;
				CLANG_WARN_UNREACHABLE_CODE = YES;
				CLANG_WARN__DUPLICATE_METHOD_MATCH = YES;
				COPY_PHASE_STRIP = NO;
				DEBUG_INFORMATION_FORMAT = dwarf;
				ENABLE_STRICT_OBJC_MSGSEND = YES;
				ENABLE_TESTABILITY = YES;
				ENABLE_USER_SCRIPT_SANDBOXING = YES;
				GCC_C_LANGUAGE_STANDARD = gnu17;
				GCC_DYNAMIC_NO_PIC = NO;
				GCC_NO_COMMON_BLOCKS = YES;
				GCC_OPTIMIZATION_LEVEL = 0;
				GCC_PREPROCESSOR_DEFINITIONS = (
					"DEBUG=1",
					"$(inherited)",
				);
				GCC_WARN_64_TO_32_BIT_CONVERSION = YES;
				GCC_WARN_ABOUT_RETURN_TYPE = YES_ERROR;
				GCC_WARN_UNDECLARED_SELECTOR = YES;
				GCC_WARN_UNINITIALIZED_AUTOS = YES_AGGRESSIVE;
				GCC_WARN_UNUSED_FUNCTION = YES;
				GCC_WARN_UNUSED_VARIABLE = YES;
				IPHONEOS_DEPLOYMENT_TARGET = 17.2;
				LOCALIZATION_PREFERS_STRING_CATALOGS = YES;
				MTL_ENABLE_DEBUG_INFO = INCLUDE_SOURCE;
				MTL_FAST_MATH = YES;
				ONLY_ACTIVE_ARCH = YES;
				SDKROOT = iphoneos;
				SWIFT_ACTIVE_COMPILATION_CONDITIONS = "DEBUG $(inherited)";
				SWIFT_OPTIMIZATION_LEVEL = "-Onone";
			};
			name = Debug;
		};
		AE499CA92B920DAD00A725B3 /* Release */ = {
			isa = XCBuildConfiguration;
			buildSettings = {
				ALWAYS_SEARCH_USER_PATHS = NO;
				ASSETCATALOG_COMPILER_GENERATE_SWIFT_ASSET_SYMBOL_EXTENSIONS = YES;
				CLANG_ANALYZER_NONNULL = YES;
				CLANG_ANALYZER_NUMBER_OBJECT_CONVERSION = YES_AGGRESSIVE;
				CLANG_CXX_LANGUAGE_STANDARD = "gnu++20";
				CLANG_ENABLE_MODULES = YES;
				CLANG_ENABLE_OBJC_ARC = YES;
				CLANG_ENABLE_OBJC_WEAK = YES;
				CLANG_WARN_BLOCK_CAPTURE_AUTORELEASING = YES;
				CLANG_WARN_BOOL_CONVERSION = YES;
				CLANG_WARN_COMMA = YES;
				CLANG_WARN_CONSTANT_CONVERSION = YES;
				CLANG_WARN_DEPRECATED_OBJC_IMPLEMENTATIONS = YES;
				CLANG_WARN_DIRECT_OBJC_ISA_USAGE = YES_ERROR;
				CLANG_WARN_DOCUMENTATION_COMMENTS = YES;
				CLANG_WARN_EMPTY_BODY = YES;
				CLANG_WARN_ENUM_CONVERSION = YES;
				CLANG_WARN_INFINITE_RECURSION = YES;
				CLANG_WARN_INT_CONVERSION = YES;
				CLANG_WARN_NON_LITERAL_NULL_CONVERSION = YES;
				CLANG_WARN_OBJC_IMPLICIT_RETAIN_SELF = YES;
				CLANG_WARN_OBJC_LITERAL_CONVERSION = YES;
				CLANG_WARN_OBJC_ROOT_CLASS = YES_ERROR;
				CLANG_WARN_QUOTED_INCLUDE_IN_FRAMEWORK_HEADER = YES;
				CLANG_WARN_RANGE_LOOP_ANALYSIS = YES;
				CLANG_WARN_STRICT_PROTOTYPES = YES;
				CLANG_WARN_SUSPICIOUS_MOVE = YES;
				CLANG_WARN_UNGUARDED_AVAILABILITY = YES_AGGRESSIVE;
				CLANG_WARN_UNREACHABLE_CODE = YES;
				CLANG_WARN__DUPLICATE_METHOD_MATCH = YES;
				COPY_PHASE_STRIP = NO;
				DEBUG_INFORMATION_FORMAT = "dwarf-with-dsym";
				ENABLE_NS_ASSERTIONS = NO;
				ENABLE_STRICT_OBJC_MSGSEND = YES;
				ENABLE_USER_SCRIPT_SANDBOXING = YES;
				GCC_C_LANGUAGE_STANDARD = gnu17;
				GCC_NO_COMMON_BLOCKS = YES;
				GCC_WARN_64_TO_32_BIT_CONVERSION = YES;
				GCC_WARN_ABOUT_RETURN_TYPE = YES_ERROR;
				GCC_WARN_UNDECLARED_SELECTOR = YES;
				GCC_WARN_UNINITIALIZED_AUTOS = YES_AGGRESSIVE;
				GCC_WARN_UNUSED_FUNCTION = YES;
				GCC_WARN_UNUSED_VARIABLE = YES;
				IPHONEOS_DEPLOYMENT_TARGET = 17.2;
				LOCALIZATION_PREFERS_STRING_CATALOGS = YES;
				MTL_ENABLE_DEBUG_INFO = NO;
				MTL_FAST_MATH = YES;
				SDKROOT = iphoneos;
				SWIFT_COMPILATION_MODE = wholemodule;
				VALIDATE_PRODUCT = YES;
			};
			name = Release;
		};
		AE499CAB2B920DAD00A725B3 /* Debug */ = {
			isa = XCBuildConfiguration;
			buildSettings = {
				ASSETCATALOG_COMPILER_APPICON_NAME = AppIcon;
				ASSETCATALOG_COMPILER_GLOBAL_ACCENT_COLOR_NAME = AccentColor;
				CODE_SIGN_STYLE = Automatic;
				CURRENT_PROJECT_VERSION = 1;
				GENERATE_INFOPLIST_FILE = YES;
				INFOPLIST_FILE = LAB/Info.plist;
				INFOPLIST_KEY_UIApplicationSupportsIndirectInputEvents = YES;
				INFOPLIST_KEY_UILaunchStoryboardName = LaunchScreen;
				INFOPLIST_KEY_UISupportedInterfaceOrientations_iPad = "UIInterfaceOrientationPortrait UIInterfaceOrientationPortraitUpsideDown UIInterfaceOrientationLandscapeLeft UIInterfaceOrientationLandscapeRight";
				INFOPLIST_KEY_UISupportedInterfaceOrientations_iPhone = "UIInterfaceOrientationPortrait UIInterfaceOrientationLandscapeLeft UIInterfaceOrientationLandscapeRight";
				IPHONEOS_DEPLOYMENT_TARGET = 15.0;
				LD_RUNPATH_SEARCH_PATHS = (
					"$(inherited)",
					"@executable_path/Frameworks",
				);
				MARKETING_VERSION = 1.0;
				PRODUCT_BUNDLE_IDENTIFIER = rote.LAB;
				PRODUCT_NAME = "$(TARGET_NAME)";
				SWIFT_EMIT_LOC_STRINGS = YES;
				SWIFT_VERSION = 5.0;
				TARGETED_DEVICE_FAMILY = "1,2";
			};
			name = Debug;
		};
		AE499CAC2B920DAD00A725B3 /* Release */ = {
			isa = XCBuildConfiguration;
			buildSettings = {
				ASSETCATALOG_COMPILER_APPICON_NAME = AppIcon;
				ASSETCATALOG_COMPILER_GLOBAL_ACCENT_COLOR_NAME = AccentColor;
				CODE_SIGN_STYLE = Automatic;
				CURRENT_PROJECT_VERSION = 1;
				GENERATE_INFOPLIST_FILE = YES;
				INFOPLIST_FILE = LAB/Info.plist;
				INFOPLIST_KEY_UIApplicationSupportsIndirectInputEvents = YES;
				INFOPLIST_KEY_UILaunchStoryboardName = LaunchScreen;
				INFOPLIST_KEY_UISupportedInterfaceOrientations_iPad = "UIInterfaceOrientationPortrait UIInterfaceOrientationPortraitUpsideDown UIInterfaceOrientationLandscapeLeft UIInterfaceOrientationLandscapeRight";
				INFOPLIST_KEY_UISupportedInterfaceOrientations_iPhone = "UIInterfaceOrientationPortrait UIInterfaceOrientationLandscapeLeft UIInterfaceOrientationLandscapeRight";
				IPHONEOS_DEPLOYMENT_TARGET = 15.0;
				LD_RUNPATH_SEARCH_PATHS = (
					"$(inherited)",
					"@executable_path/Frameworks",
				);
				MARKETING_VERSION = 1.0;
				PRODUCT_BUNDLE_IDENTIFIER = rote.LAB;
				PRODUCT_NAME = "$(TARGET_NAME)";
				SWIFT_EMIT_LOC_STRINGS = YES;
				SWIFT_VERSION = 5.0;
				TARGETED_DEVICE_FAMILY = "1,2";
			};
			name = Release;
		};
/* End XCBuildConfiguration section */

/* Begin XCConfigurationList section */
		AE499C912B920DAC00A725B3 /* Build configuration list for PBXProject "LAB" */ = {
			isa = XCConfigurationList;
			buildConfigurations = (
				AE499CA82B920DAD00A725B3 /* Debug */,
				AE499CA92B920DAD00A725B3 /* Release */,
			);
			defaultConfigurationIsVisible = 0;
			defaultConfigurationName = Release;
		};
		AE499CAA2B920DAD00A725B3 /* Build configuration list for PBXNativeTarget "LAB" */ = {
			isa = XCConfigurationList;
			buildConfigurations = (
				AE499CAB2B920DAD00A725B3 /* Debug */,
				AE499CAC2B920DAD00A725B3 /* Release */,
			);
			defaultConfigurationIsVisible = 0;
			defaultConfigurationName = Release;
		};
/* End XCConfigurationList section */

/* Begin XCRemoteSwiftPackageReference section */
		AE771EFD2B92328E007C02C4 /* XCRemoteSwiftPackageReference "SnapKit" */ = {
			isa = XCRemoteSwiftPackageReference;
			repositoryURL = "https://github.com/SnapKit/SnapKit";
			requirement = {
				kind = upToNextMajorVersion;
				minimumVersion = 5.7.1;
			};
		};
		AE7BE8682B960E92008B7AA3 /* XCRemoteSwiftPackageReference "CollectionViewPagingLayout" */ = {
			isa = XCRemoteSwiftPackageReference;
			repositoryURL = "https://github.com/amirdew/CollectionViewPagingLayout.git";
			requirement = {
				kind = upToNextMajorVersion;
				minimumVersion = 1.1.0;
			};
		};
/* End XCRemoteSwiftPackageReference section */

/* Begin XCSwiftPackageProductDependency section */
		AE771EFE2B92328E007C02C4 /* SnapKit */ = {
			isa = XCSwiftPackageProductDependency;
			package = AE771EFD2B92328E007C02C4 /* XCRemoteSwiftPackageReference "SnapKit" */;
			productName = SnapKit;
		};
		AE771F002B92328E007C02C4 /* SnapKit-Dynamic */ = {
			isa = XCSwiftPackageProductDependency;
			package = AE771EFD2B92328E007C02C4 /* XCRemoteSwiftPackageReference "SnapKit" */;
			productName = "SnapKit-Dynamic";
		};
		AE7BE8692B960E92008B7AA3 /* CollectionViewPagingLayout */ = {
			isa = XCSwiftPackageProductDependency;
			package = AE7BE8682B960E92008B7AA3 /* XCRemoteSwiftPackageReference "CollectionViewPagingLayout" */;
			productName = CollectionViewPagingLayout;
		};
/* End XCSwiftPackageProductDependency section */
	};
	rootObject = AE499C8E2B920DAC00A725B3 /* Project object */;
}
